PODS:
  - Alamofire (5.6.1)
  - Kingfisher (4.2.0)
  - SwiftHash (2.0.2)

DEPENDENCIES:
  - Alamofire
  - Kingfisher (~> 4.2.0)
  - SwiftHash

SPEC REPOS:
  trunk:
    - Alamofire
    - Kingfisher
    - SwiftHash

SPEC CHECKSUMS:
  Alamofire: 87bd8c952f9a4454320fce00d9cc3de57bcadaf5
  Kingfisher: 9ee7e788d8ba07c3f21ce0d43f33cec310a4f781
  SwiftHash: 6d312abe61c8359bdef8d0093642f3a70b1c17ba

PODFILE CHECKSUM: 05361ec0a1d2759f53d4e00de7f9208c45e5d987

COCOAPODS: 1.11.3
